// !$*UTF8*$!
{
	archiveVersion = 1;
	classes = {
	};
	objectVersion = 55;
	objects = {

/* Begin PBXBuildFile section */
		57247430287CA95D000715FA /* HomeAppliancesTypes.swift in Sources */ = {isa = PBXBuildFile; fileRef = 5724742F287CA95D000715FA /* HomeAppliancesTypes.swift */; };
		57247431287CA95D000715FA /* HomeAppliancesTypes.swift in Sources */ = {isa = PBXBuildFile; fileRef = 5724742F287CA95D000715FA /* HomeAppliancesTypes.swift */; };
		57247434287CAAE9000715FA /* CurrentlyUsingView.swift in Sources */ = {isa = PBXBuildFile; fileRef = 57247433287CAAE9000715FA /* CurrentlyUsingView.swift */; };
		57247435287CAAE9000715FA /* CurrentlyUsingView.swift in Sources */ = {isa = PBXBuildFile; fileRef = 57247433287CAAE9000715FA /* CurrentlyUsingView.swift */; };
		57247437287CAB4E000715FA /* DailyUseChartView.swift in Sources */ = {isa = PBXBuildFile; fileRef = 57247436287CAB4E000715FA /* DailyUseChartView.swift */; };
		57247438287CAB4E000715FA /* DailyUseChartView.swift in Sources */ = {isa = PBXBuildFile; fileRef = 57247436287CAB4E000715FA /* DailyUseChartView.swift */; };
		5724743B287CABAA000715FA /* WeeklyUsageTimeView.swift in Sources */ = {isa = PBXBuildFile; fileRef = 5724743A287CABAA000715FA /* WeeklyUsageTimeView.swift */; };
		5724743C287CABAA000715FA /* WeeklyUsageTimeView.swift in Sources */ = {isa = PBXBuildFile; fileRef = 5724743A287CABAA000715FA /* WeeklyUsageTimeView.swift */; };
		5724743E287CAC12000715FA /* DailyConsumptionView.swift in Sources */ = {isa = PBXBuildFile; fileRef = 5724743D287CAC12000715FA /* DailyConsumptionView.swift */; };
		5724743F287CAC12000715FA /* DailyConsumptionView.swift in Sources */ = {isa = PBXBuildFile; fileRef = 5724743D287CAC12000715FA /* DailyConsumptionView.swift */; };
		57247442287CB580000715FA /* TrackingType.swift in Sources */ = {isa = PBXBuildFile; fileRef = 57247441287CB580000715FA /* TrackingType.swift */; };
		57247443287CB580000715FA /* TrackingType.swift in Sources */ = {isa = PBXBuildFile; fileRef = 57247441287CB580000715FA /* TrackingType.swift */; };
		57247445287D041F000715FA /* Date.swift in Sources */ = {isa = PBXBuildFile; fileRef = 57247444287D041F000715FA /* Date.swift */; };
		57247446287D041F000715FA /* Date.swift in Sources */ = {isa = PBXBuildFile; fileRef = 57247444287D041F000715FA /* Date.swift */; };
		5745D9C22880983A00A7EA14 /* ConsumptionType.swift in Sources */ = {isa = PBXBuildFile; fileRef = 5745D9C12880983A00A7EA14 /* ConsumptionType.swift */; };
		5745D9C32880983A00A7EA14 /* ConsumptionType.swift in Sources */ = {isa = PBXBuildFile; fileRef = 5745D9C12880983A00A7EA14 /* ConsumptionType.swift */; };
		5745D9C528809BE900A7EA14 /* Consumption.swift in Sources */ = {isa = PBXBuildFile; fileRef = 5745D9C428809BE900A7EA14 /* Consumption.swift */; };
		5745D9C628809BE900A7EA14 /* Consumption.swift in Sources */ = {isa = PBXBuildFile; fileRef = 5745D9C428809BE900A7EA14 /* Consumption.swift */; };
		575F4BA82853D33500BF3B32 /* Double.swift in Sources */ = {isa = PBXBuildFile; fileRef = 575F4BA72853D33500BF3B32 /* Double.swift */; };
		575F4BAB2853D3D000BF3B32 /* Shower.swift in Sources */ = {isa = PBXBuildFile; fileRef = 575F4BAA2853D3D000BF3B32 /* Shower.swift */; };
		575F4BAE2853E92200BF3B32 /* Protocols.swift in Sources */ = {isa = PBXBuildFile; fileRef = 575F4BAD2853E92200BF3B32 /* Protocols.swift */; };
		575F4BB12853F8C900BF3B32 /* Colors.swift in Sources */ = {isa = PBXBuildFile; fileRef = 575F4BB02853F8C900BF3B32 /* Colors.swift */; };
		57A7E91C284993710053793D /* HomeEnergyApp.swift in Sources */ = {isa = PBXBuildFile; fileRef = 57A7E90C2849936E0053793D /* HomeEnergyApp.swift */; };
		57A7E91D284993710053793D /* HomeEnergyApp.swift in Sources */ = {isa = PBXBuildFile; fileRef = 57A7E90C2849936E0053793D /* HomeEnergyApp.swift */; };
		57A7E91E284993710053793D /* ContentView.swift in Sources */ = {isa = PBXBuildFile; fileRef = 57A7E90D2849936E0053793D /* ContentView.swift */; };
		57A7E91F284993710053793D /* ContentView.swift in Sources */ = {isa = PBXBuildFile; fileRef = 57A7E90D2849936E0053793D /* ContentView.swift */; };
		57A7E920284993710053793D /* Assets.xcassets in Resources */ = {isa = PBXBuildFile; fileRef = 57A7E90E284993710053793D /* Assets.xcassets */; };
		57A7E921284993710053793D /* Assets.xcassets in Resources */ = {isa = PBXBuildFile; fileRef = 57A7E90E284993710053793D /* Assets.xcassets */; };
		57A7E92B28499AE70053793D /* ItemDetailView.swift in Sources */ = {isa = PBXBuildFile; fileRef = 57A7E92A28499AE70053793D /* ItemDetailView.swift */; };
		57A7E92C28499AE70053793D /* ItemDetailView.swift in Sources */ = {isa = PBXBuildFile; fileRef = 57A7E92A28499AE70053793D /* ItemDetailView.swift */; };
		57AF356428580ECB003E9301 /* Frequency.swift in Sources */ = {isa = PBXBuildFile; fileRef = 57AF356328580ECB003E9301 /* Frequency.swift */; };
		57FE8CFC284A230700DE48A1 /* TesteArea.swift in Sources */ = {isa = PBXBuildFile; fileRef = 57FE8CFB284A230700DE48A1 /* TesteArea.swift */; };
		57FE8CFD284A230700DE48A1 /* TesteArea.swift in Sources */ = {isa = PBXBuildFile; fileRef = 57FE8CFB284A230700DE48A1 /* TesteArea.swift */; };
/* End PBXBuildFile section */

/* Begin PBXFileReference section */
		5724742F287CA95D000715FA /* HomeAppliancesTypes.swift */ = {isa = PBXFileReference; lastKnownFileType = sourcecode.swift; path = HomeAppliancesTypes.swift; sourceTree = "<group>"; };
		57247433287CAAE9000715FA /* CurrentlyUsingView.swift */ = {isa = PBXFileReference; lastKnownFileType = sourcecode.swift; path = CurrentlyUsingView.swift; sourceTree = "<group>"; };
		57247436287CAB4E000715FA /* DailyUseChartView.swift */ = {isa = PBXFileReference; lastKnownFileType = sourcecode.swift; path = DailyUseChartView.swift; sourceTree = "<group>"; };
		5724743A287CABAA000715FA /* WeeklyUsageTimeView.swift */ = {isa = PBXFileReference; lastKnownFileType = sourcecode.swift; path = WeeklyUsageTimeView.swift; sourceTree = "<group>"; };
		5724743D287CAC12000715FA /* DailyConsumptionView.swift */ = {isa = PBXFileReference; lastKnownFileType = sourcecode.swift; path = DailyConsumptionView.swift; sourceTree = "<group>"; };
		57247441287CB580000715FA /* TrackingType.swift */ = {isa = PBXFileReference; lastKnownFileType = sourcecode.swift; path = TrackingType.swift; sourceTree = "<group>"; };
		57247444287D041F000715FA /* Date.swift */ = {isa = PBXFileReference; lastKnownFileType = sourcecode.swift; path = Date.swift; sourceTree = "<group>"; };
		5745D9C12880983A00A7EA14 /* ConsumptionType.swift */ = {isa = PBXFileReference; lastKnownFileType = sourcecode.swift; path = ConsumptionType.swift; sourceTree = "<group>"; };
		5745D9C428809BE900A7EA14 /* Consumption.swift */ = {isa = PBXFileReference; lastKnownFileType = sourcecode.swift; path = Consumption.swift; sourceTree = "<group>"; };
		575F4BA72853D33500BF3B32 /* Double.swift */ = {isa = PBXFileReference; lastKnownFileType = sourcecode.swift; path = Double.swift; sourceTree = "<group>"; };
		575F4BAA2853D3D000BF3B32 /* Shower.swift */ = {isa = PBXFileReference; lastKnownFileType = sourcecode.swift; path = Shower.swift; sourceTree = "<group>"; };
		575F4BAD2853E92200BF3B32 /* Protocols.swift */ = {isa = PBXFileReference; lastKnownFileType = sourcecode.swift; path = Protocols.swift; sourceTree = "<group>"; };
		575F4BB02853F8C900BF3B32 /* Colors.swift */ = {isa = PBXFileReference; lastKnownFileType = sourcecode.swift; path = Colors.swift; sourceTree = "<group>"; };
		57A7E90C2849936E0053793D /* HomeEnergyApp.swift */ = {isa = PBXFileReference; lastKnownFileType = sourcecode.swift; path = HomeEnergyApp.swift; sourceTree = "<group>"; };
		57A7E90D2849936E0053793D /* ContentView.swift */ = {isa = PBXFileReference; lastKnownFileType = sourcecode.swift; path = ContentView.swift; sourceTree = "<group>"; };
		57A7E90E284993710053793D /* Assets.xcassets */ = {isa = PBXFileReference; lastKnownFileType = folder.assetcatalog; path = Assets.xcassets; sourceTree = "<group>"; };
		57A7E913284993710053793D /* HomeEnergy.app */ = {isa = PBXFileReference; explicitFileType = wrapper.application; includeInIndex = 0; path = HomeEnergy.app; sourceTree = BUILT_PRODUCTS_DIR; };
		57A7E919284993710053793D /* HomeEnergy.app */ = {isa = PBXFileReference; explicitFileType = wrapper.application; includeInIndex = 0; path = HomeEnergy.app; sourceTree = BUILT_PRODUCTS_DIR; };
		57A7E91B284993710053793D /* macOS.entitlements */ = {isa = PBXFileReference; lastKnownFileType = text.plist.entitlements; path = macOS.entitlements; sourceTree = "<group>"; };
		57A7E92A28499AE70053793D /* ItemDetailView.swift */ = {isa = PBXFileReference; lastKnownFileType = sourcecode.swift; path = ItemDetailView.swift; sourceTree = "<group>"; };
		57AF356328580ECB003E9301 /* Frequency.swift */ = {isa = PBXFileReference; lastKnownFileType = sourcecode.swift; path = Frequency.swift; sourceTree = "<group>"; };
		57FE8CFB284A230700DE48A1 /* TesteArea.swift */ = {isa = PBXFileReference; lastKnownFileType = sourcecode.swift; path = TesteArea.swift; sourceTree = "<group>"; };
/* End PBXFileReference section */

/* Begin PBXFrameworksBuildPhase section */
		57A7E910284993710053793D /* Frameworks */ = {
			isa = PBXFrameworksBuildPhase;
			buildActionMask = 2147483647;
			files = (
			);
			runOnlyForDeploymentPostprocessing = 0;
		};
		57A7E916284993710053793D /* Frameworks */ = {
			isa = PBXFrameworksBuildPhase;
			buildActionMask = 2147483647;
			files = (
			);
			runOnlyForDeploymentPostprocessing = 0;
		};
/* End PBXFrameworksBuildPhase section */

/* Begin PBXGroup section */
		57247432287CAA5B000715FA /* DetailView */ = {
			isa = PBXGroup;
			children = (
				57A7E92A28499AE70053793D /* ItemDetailView.swift */,
				57247439287CABA0000715FA /* CardsView */,
			);
			path = DetailView;
			sourceTree = "<group>";
		};
		57247439287CABA0000715FA /* CardsView */ = {
			isa = PBXGroup;
			children = (
				57247436287CAB4E000715FA /* DailyUseChartView.swift */,
				57247433287CAAE9000715FA /* CurrentlyUsingView.swift */,
				5724743D287CAC12000715FA /* DailyConsumptionView.swift */,
				5724743A287CABAA000715FA /* WeeklyUsageTimeView.swift */,
			);
			path = CardsView;
			sourceTree = "<group>";
		};
		575F4BA62853D31A00BF3B32 /* Extensions */ = {
			isa = PBXGroup;
			children = (
				575F4BA72853D33500BF3B32 /* Double.swift */,
				57247444287D041F000715FA /* Date.swift */,
			);
			path = Extensions;
			sourceTree = "<group>";
		};
		575F4BA92853D3BA00BF3B32 /* Model */ = {
			isa = PBXGroup;
			children = (
				575F4BAA2853D3D000BF3B32 /* Shower.swift */,
				5745D9C428809BE900A7EA14 /* Consumption.swift */,
			);
			path = Model;
			sourceTree = "<group>";
		};
		575F4BAC2853E8CB00BF3B32 /* Protocols */ = {
			isa = PBXGroup;
			children = (
				575F4BAD2853E92200BF3B32 /* Protocols.swift */,
			);
			path = Protocols;
			sourceTree = "<group>";
		};
		575F4BAF2853F8BB00BF3B32 /* Helpers */ = {
			isa = PBXGroup;
			children = (
				575F4BB02853F8C900BF3B32 /* Colors.swift */,
				57AF356328580ECB003E9301 /* Frequency.swift */,
				5724742F287CA95D000715FA /* HomeAppliancesTypes.swift */,
				5745D9C12880983A00A7EA14 /* ConsumptionType.swift */,
				57247441287CB580000715FA /* TrackingType.swift */,
			);
			path = Helpers;
			sourceTree = "<group>";
		};
		575F4BB22853FC1500BF3B32 /* ViewModel */ = {
			isa = PBXGroup;
			children = (
			);
			path = ViewModel;
			sourceTree = "<group>";
		};
		57A7E9062849936E0053793D = {
			isa = PBXGroup;
			children = (
				57A7E90B2849936E0053793D /* Shared */,
				57A7E91A284993710053793D /* macOS */,
				57A7E914284993710053793D /* Products */,
			);
			sourceTree = "<group>";
		};
		57A7E90B2849936E0053793D /* Shared */ = {
			isa = PBXGroup;
			children = (
				57A7E90C2849936E0053793D /* HomeEnergyApp.swift */,
				575F4BAC2853E8CB00BF3B32 /* Protocols */,
				575F4BA92853D3BA00BF3B32 /* Model */,
				57AF356228580A3E003E9301 /* View */,
				575F4BB22853FC1500BF3B32 /* ViewModel */,
				575F4BAF2853F8BB00BF3B32 /* Helpers */,
				575F4BA62853D31A00BF3B32 /* Extensions */,
				57A7E90E284993710053793D /* Assets.xcassets */,
			);
			path = Shared;
			sourceTree = "<group>";
		};
		57A7E914284993710053793D /* Products */ = {
			isa = PBXGroup;
			children = (
				57A7E913284993710053793D /* HomeEnergy.app */,
				57A7E919284993710053793D /* HomeEnergy.app */,
			);
			name = Products;
			sourceTree = "<group>";
		};
		57A7E91A284993710053793D /* macOS */ = {
			isa = PBXGroup;
			children = (
				57A7E91B284993710053793D /* macOS.entitlements */,
			);
			path = macOS;
			sourceTree = "<group>";
		};
		57AF356228580A3E003E9301 /* View */ = {
			isa = PBXGroup;
			children = (
				57A7E90D2849936E0053793D /* ContentView.swift */,
				57247432287CAA5B000715FA /* DetailView */,
				57FE8CFB284A230700DE48A1 /* TesteArea.swift */,
			);
			path = View;
			sourceTree = "<group>";
		};
/* End PBXGroup section */

/* Begin PBXNativeTarget section */
		57A7E912284993710053793D /* HomeEnergy (iOS) */ = {
			isa = PBXNativeTarget;
			buildConfigurationList = 57A7E924284993710053793D /* Build configuration list for PBXNativeTarget "HomeEnergy (iOS)" */;
			buildPhases = (
				57A7E90F284993710053793D /* Sources */,
				57A7E910284993710053793D /* Frameworks */,
				57A7E911284993710053793D /* Resources */,
			);
			buildRules = (
			);
			dependencies = (
			);
			name = "HomeEnergy (iOS)";
			packageProductDependencies = (
			);
			productName = "HomeEnergy (iOS)";
			productReference = 57A7E913284993710053793D /* HomeEnergy.app */;
			productType = "com.apple.product-type.application";
		};
		57A7E918284993710053793D /* HomeEnergy (macOS) */ = {
			isa = PBXNativeTarget;
			buildConfigurationList = 57A7E927284993710053793D /* Build configuration list for PBXNativeTarget "HomeEnergy (macOS)" */;
			buildPhases = (
				57A7E915284993710053793D /* Sources */,
				57A7E916284993710053793D /* Frameworks */,
				57A7E917284993710053793D /* Resources */,
			);
			buildRules = (
			);
			dependencies = (
			);
			name = "HomeEnergy (macOS)";
			productName = "HomeEnergy (macOS)";
			productReference = 57A7E919284993710053793D /* HomeEnergy.app */;
			productType = "com.apple.product-type.application";
		};
/* End PBXNativeTarget section */

/* Begin PBXProject section */
		57A7E9072849936E0053793D /* Project object */ = {
			isa = PBXProject;
			attributes = {
				BuildIndependentTargetsInParallel = 1;
				LastSwiftUpdateCheck = 1320;
				LastUpgradeCheck = 1400;
				TargetAttributes = {
					57A7E912284993710053793D = {
						CreatedOnToolsVersion = 13.2.1;
					};
					57A7E918284993710053793D = {
						CreatedOnToolsVersion = 13.2.1;
					};
				};
			};
			buildConfigurationList = 57A7E90A2849936E0053793D /* Build configuration list for PBXProject "HomeEnergy" */;
			compatibilityVersion = "Xcode 13.0";
			developmentRegion = en;
			hasScannedForEncodings = 0;
			knownRegions = (
				en,
				Base,
			);
			mainGroup = 57A7E9062849936E0053793D;
			packageReferences = (
			);
			productRefGroup = 57A7E914284993710053793D /* Products */;
			projectDirPath = "";
			projectRoot = "";
			targets = (
				57A7E912284993710053793D /* HomeEnergy (iOS) */,
				57A7E918284993710053793D /* HomeEnergy (macOS) */,
			);
		};
/* End PBXProject section */

/* Begin PBXResourcesBuildPhase section */
		57A7E911284993710053793D /* Resources */ = {
			isa = PBXResourcesBuildPhase;
			buildActionMask = 2147483647;
			files = (
				57A7E920284993710053793D /* Assets.xcassets in Resources */,
			);
			runOnlyForDeploymentPostprocessing = 0;
		};
		57A7E917284993710053793D /* Resources */ = {
			isa = PBXResourcesBuildPhase;
			buildActionMask = 2147483647;
			files = (
				57A7E921284993710053793D /* Assets.xcassets in Resources */,
			);
			runOnlyForDeploymentPostprocessing = 0;
		};
/* End PBXResourcesBuildPhase section */

/* Begin PBXSourcesBuildPhase section */
		57A7E90F284993710053793D /* Sources */ = {
			isa = PBXSourcesBuildPhase;
			buildActionMask = 2147483647;
			files = (
				57247430287CA95D000715FA /* HomeAppliancesTypes.swift in Sources */,
				57FE8CFC284A230700DE48A1 /* TesteArea.swift in Sources */,
				575F4BB12853F8C900BF3B32 /* Colors.swift in Sources */,
				57247445287D041F000715FA /* Date.swift in Sources */,
				57A7E92B28499AE70053793D /* ItemDetailView.swift in Sources */,
				5724743B287CABAA000715FA /* WeeklyUsageTimeView.swift in Sources */,
				5724743E287CAC12000715FA /* DailyConsumptionView.swift in Sources */,
				5745D9C22880983A00A7EA14 /* ConsumptionType.swift in Sources */,
				575F4BAE2853E92200BF3B32 /* Protocols.swift in Sources */,
				57A7E91E284993710053793D /* ContentView.swift in Sources */,
				57AF356428580ECB003E9301 /* Frequency.swift in Sources */,
				575F4BA82853D33500BF3B32 /* Double.swift in Sources */,
				57247437287CAB4E000715FA /* DailyUseChartView.swift in Sources */,
				57A7E91C284993710053793D /* HomeEnergyApp.swift in Sources */,
				57247442287CB580000715FA /* TrackingType.swift in Sources */,
				575F4BAB2853D3D000BF3B32 /* Shower.swift in Sources */,
				5745D9C528809BE900A7EA14 /* Consumption.swift in Sources */,
				57247434287CAAE9000715FA /* CurrentlyUsingView.swift in Sources */,
			);
			runOnlyForDeploymentPostprocessing = 0;
		};
		57A7E915284993710053793D /* Sources */ = {
			isa = PBXSourcesBuildPhase;
			buildActionMask = 2147483647;
			files = (
				57247431287CA95D000715FA /* HomeAppliancesTypes.swift in Sources */,
				57FE8CFD284A230700DE48A1 /* TesteArea.swift in Sources */,
				57247438287CAB4E000715FA /* DailyUseChartView.swift in Sources */,
				57A7E92C28499AE70053793D /* ItemDetailView.swift in Sources */,
				5724743C287CABAA000715FA /* WeeklyUsageTimeView.swift in Sources */,
				57A7E91F284993710053793D /* ContentView.swift in Sources */,
				57247435287CAAE9000715FA /* CurrentlyUsingView.swift in Sources */,
				57247443287CB580000715FA /* TrackingType.swift in Sources */,
				5745D9C628809BE900A7EA14 /* Consumption.swift in Sources */,
				57247446287D041F000715FA /* Date.swift in Sources */,
				5745D9C32880983A00A7EA14 /* ConsumptionType.swift in Sources */,
				57A7E91D284993710053793D /* HomeEnergyApp.swift in Sources */,
				5724743F287CAC12000715FA /* DailyConsumptionView.swift in Sources */,
			);
			runOnlyForDeploymentPostprocessing = 0;
		};
/* End PBXSourcesBuildPhase section */

/* Begin XCBuildConfiguration section */
		57A7E922284993710053793D /* Debug */ = {
			isa = XCBuildConfiguration;
			buildSettings = {
				ALWAYS_SEARCH_USER_PATHS = NO;
				CLANG_ANALYZER_NONNULL = YES;
				CLANG_ANALYZER_NUMBER_OBJECT_CONVERSION = YES_AGGRESSIVE;
				CLANG_CXX_LANGUAGE_STANDARD = "gnu++17";
				CLANG_CXX_LIBRARY = "libc++";
				CLANG_ENABLE_MODULES = YES;
				CLANG_ENABLE_OBJC_ARC = YES;
				CLANG_ENABLE_OBJC_WEAK = YES;
				CLANG_WARN_BLOCK_CAPTURE_AUTORELEASING = YES;
				CLANG_WARN_BOOL_CONVERSION = YES;
				CLANG_WARN_COMMA = YES;
				CLANG_WARN_CONSTANT_CONVERSION = YES;
				CLANG_WARN_DEPRECATED_OBJC_IMPLEMENTATIONS = YES;
				CLANG_WARN_DIRECT_OBJC_ISA_USAGE = YES_ERROR;
				CLANG_WARN_DOCUMENTATION_COMMENTS = YES;
				CLANG_WARN_EMPTY_BODY = YES;
				CLANG_WARN_ENUM_CONVERSION = YES;
				CLANG_WARN_INFINITE_RECURSION = YES;
				CLANG_WARN_INT_CONVERSION = YES;
				CLANG_WARN_NON_LITERAL_NULL_CONVERSION = YES;
				CLANG_WARN_OBJC_IMPLICIT_RETAIN_SELF = YES;
				CLANG_WARN_OBJC_LITERAL_CONVERSION = YES;
				CLANG_WARN_OBJC_ROOT_CLASS = YES_ERROR;
				CLANG_WARN_QUOTED_INCLUDE_IN_FRAMEWORK_HEADER = YES;
				CLANG_WARN_RANGE_LOOP_ANALYSIS = YES;
				CLANG_WARN_STRICT_PROTOTYPES = YES;
				CLANG_WARN_SUSPICIOUS_MOVE = YES;
				CLANG_WARN_UNGUARDED_AVAILABILITY = YES_AGGRESSIVE;
				CLANG_WARN_UNREACHABLE_CODE = YES;
				CLANG_WARN__DUPLICATE_METHOD_MATCH = YES;
				COPY_PHASE_STRIP = NO;
				DEAD_CODE_STRIPPING = YES;
				DEBUG_INFORMATION_FORMAT = dwarf;
				ENABLE_STRICT_OBJC_MSGSEND = YES;
				ENABLE_TESTABILITY = YES;
				GCC_C_LANGUAGE_STANDARD = gnu11;
				GCC_DYNAMIC_NO_PIC = NO;
				GCC_NO_COMMON_BLOCKS = YES;
				GCC_OPTIMIZATION_LEVEL = 0;
				GCC_PREPROCESSOR_DEFINITIONS = (
					"DEBUG=1",
					"$(inherited)",
				);
				GCC_WARN_64_TO_32_BIT_CONVERSION = YES;
				GCC_WARN_ABOUT_RETURN_TYPE = YES_ERROR;
				GCC_WARN_UNDECLARED_SELECTOR = YES;
				GCC_WARN_UNINITIALIZED_AUTOS = YES_AGGRESSIVE;
				GCC_WARN_UNUSED_FUNCTION = YES;
				GCC_WARN_UNUSED_VARIABLE = YES;
				IPHONEOS_DEPLOYMENT_TARGET = 13.0;
				MTL_ENABLE_DEBUG_INFO = INCLUDE_SOURCE;
				MTL_FAST_MATH = YES;
				ONLY_ACTIVE_ARCH = YES;
				SWIFT_ACTIVE_COMPILATION_CONDITIONS = DEBUG;
				SWIFT_OPTIMIZATION_LEVEL = "-Onone";
			};
			name = Debug;
		};
		57A7E923284993710053793D /* Release */ = {
			isa = XCBuildConfiguration;
			buildSettings = {
				ALWAYS_SEARCH_USER_PATHS = NO;
				CLANG_ANALYZER_NONNULL = YES;
				CLANG_ANALYZER_NUMBER_OBJECT_CONVERSION = YES_AGGRESSIVE;
				CLANG_CXX_LANGUAGE_STANDARD = "gnu++17";
				CLANG_CXX_LIBRARY = "libc++";
				CLANG_ENABLE_MODULES = YES;
				CLANG_ENABLE_OBJC_ARC = YES;
				CLANG_ENABLE_OBJC_WEAK = YES;
				CLANG_WARN_BLOCK_CAPTURE_AUTORELEASING = YES;
				CLANG_WARN_BOOL_CONVERSION = YES;
				CLANG_WARN_COMMA = YES;
				CLANG_WARN_CONSTANT_CONVERSION = YES;
				CLANG_WARN_DEPRECATED_OBJC_IMPLEMENTATIONS = YES;
				CLANG_WARN_DIRECT_OBJC_ISA_USAGE = YES_ERROR;
				CLANG_WARN_DOCUMENTATION_COMMENTS = YES;
				CLANG_WARN_EMPTY_BODY = YES;
				CLANG_WARN_ENUM_CONVERSION = YES;
				CLANG_WARN_INFINITE_RECURSION = YES;
				CLANG_WARN_INT_CONVERSION = YES;
				CLANG_WARN_NON_LITERAL_NULL_CONVERSION = YES;
				CLANG_WARN_OBJC_IMPLICIT_RETAIN_SELF = YES;
				CLANG_WARN_OBJC_LITERAL_CONVERSION = YES;
				CLANG_WARN_OBJC_ROOT_CLASS = YES_ERROR;
				CLANG_WARN_QUOTED_INCLUDE_IN_FRAMEWORK_HEADER = YES;
				CLANG_WARN_RANGE_LOOP_ANALYSIS = YES;
				CLANG_WARN_STRICT_PROTOTYPES = YES;
				CLANG_WARN_SUSPICIOUS_MOVE = YES;
				CLANG_WARN_UNGUARDED_AVAILABILITY = YES_AGGRESSIVE;
				CLANG_WARN_UNREACHABLE_CODE = YES;
				CLANG_WARN__DUPLICATE_METHOD_MATCH = YES;
				COPY_PHASE_STRIP = NO;
				DEAD_CODE_STRIPPING = YES;
				DEBUG_INFORMATION_FORMAT = "dwarf-with-dsym";
				ENABLE_NS_ASSERTIONS = NO;
				ENABLE_STRICT_OBJC_MSGSEND = YES;
				GCC_C_LANGUAGE_STANDARD = gnu11;
				GCC_NO_COMMON_BLOCKS = YES;
				GCC_WARN_64_TO_32_BIT_CONVERSION = YES;
				GCC_WARN_ABOUT_RETURN_TYPE = YES_ERROR;
				GCC_WARN_UNDECLARED_SELECTOR = YES;
				GCC_WARN_UNINITIALIZED_AUTOS = YES_AGGRESSIVE;
				GCC_WARN_UNUSED_FUNCTION = YES;
				GCC_WARN_UNUSED_VARIABLE = YES;
				IPHONEOS_DEPLOYMENT_TARGET = 13.0;
				MTL_ENABLE_DEBUG_INFO = NO;
				MTL_FAST_MATH = YES;
				SWIFT_COMPILATION_MODE = wholemodule;
				SWIFT_OPTIMIZATION_LEVEL = "-O";
			};
			name = Release;
		};
		57A7E925284993710053793D /* Debug */ = {
			isa = XCBuildConfiguration;
			buildSettings = {
				ASSETCATALOG_COMPILER_APPICON_NAME = AppIcon;
				ASSETCATALOG_COMPILER_GLOBAL_ACCENT_COLOR_NAME = AccentColor;
				CODE_SIGN_STYLE = Automatic;
				CURRENT_PROJECT_VERSION = 1;
				DEVELOPMENT_TEAM = BQD43L5A49;
				ENABLE_PREVIEWS = YES;
				GENERATE_INFOPLIST_FILE = YES;
				INFOPLIST_KEY_UIApplicationSceneManifest_Generation = YES;
				INFOPLIST_KEY_UIApplicationSupportsIndirectInputEvents = YES;
				INFOPLIST_KEY_UILaunchScreen_Generation = YES;
				INFOPLIST_KEY_UISupportedInterfaceOrientations_iPad = "UIInterfaceOrientationPortrait UIInterfaceOrientationPortraitUpsideDown UIInterfaceOrientationLandscapeLeft UIInterfaceOrientationLandscapeRight";
				INFOPLIST_KEY_UISupportedInterfaceOrientations_iPhone = "UIInterfaceOrientationPortrait UIInterfaceOrientationLandscapeLeft UIInterfaceOrientationLandscapeRight";
				IPHONEOS_DEPLOYMENT_TARGET = 16.0;
				LD_RUNPATH_SEARCH_PATHS = (
					"$(inherited)",
					"@executable_path/Frameworks",
				);
				MARKETING_VERSION = 1.0;
				PRODUCT_BUNDLE_IDENTIFIER = dreams.com.HomeEnergy;
				PRODUCT_NAME = HomeEnergy;
				SDKROOT = iphoneos;
				SWIFT_EMIT_LOC_STRINGS = YES;
				SWIFT_VERSION = 5.0;
				TARGETED_DEVICE_FAMILY = "1,2";
			};
			name = Debug;
		};
		57A7E926284993710053793D /* Release */ = {
			isa = XCBuildConfiguration;
			buildSettings = {
				ASSETCATALOG_COMPILER_APPICON_NAME = AppIcon;
				ASSETCATALOG_COMPILER_GLOBAL_ACCENT_COLOR_NAME = AccentColor;
				CODE_SIGN_STYLE = Automatic;
				CURRENT_PROJECT_VERSION = 1;
				DEVELOPMENT_TEAM = BQD43L5A49;
				ENABLE_PREVIEWS = YES;
				GENERATE_INFOPLIST_FILE = YES;
				INFOPLIST_KEY_UIApplicationSceneManifest_Generation = YES;
				INFOPLIST_KEY_UIApplicationSupportsIndirectInputEvents = YES;
				INFOPLIST_KEY_UILaunchScreen_Generation = YES;
				INFOPLIST_KEY_UISupportedInterfaceOrientations_iPad = "UIInterfaceOrientationPortrait UIInterfaceOrientationPortraitUpsideDown UIInterfaceOrientationLandscapeLeft UIInterfaceOrientationLandscapeRight";
				INFOPLIST_KEY_UISupportedInterfaceOrientations_iPhone = "UIInterfaceOrientationPortrait UIInterfaceOrientationLandscapeLeft UIInterfaceOrientationLandscapeRight";
				IPHONEOS_DEPLOYMENT_TARGET = 16.0;
				LD_RUNPATH_SEARCH_PATHS = (
					"$(inherited)",
					"@executable_path/Frameworks",
				);
				MARKETING_VERSION = 1.0;
				PRODUCT_BUNDLE_IDENTIFIER = dreams.com.HomeEnergy;
				PRODUCT_NAME = HomeEnergy;
				SDKROOT = iphoneos;
				SWIFT_EMIT_LOC_STRINGS = YES;
				SWIFT_VERSION = 5.0;
				TARGETED_DEVICE_FAMILY = "1,2";
				VALIDATE_PRODUCT = YES;
			};
			name = Release;
		};
		57A7E928284993710053793D /* Debug */ = {
			isa = XCBuildConfiguration;
			buildSettings = {
				ASSETCATALOG_COMPILER_APPICON_NAME = AppIcon;
				ASSETCATALOG_COMPILER_GLOBAL_ACCENT_COLOR_NAME = AccentColor;
				CODE_SIGN_ENTITLEMENTS = macOS/macOS.entitlements;
				CODE_SIGN_IDENTITY = "-";
				CODE_SIGN_STYLE = Automatic;
				COMBINE_HIDPI_IMAGES = YES;
				CURRENT_PROJECT_VERSION = 1;
				DEAD_CODE_STRIPPING = YES;
				DEVELOPMENT_TEAM = BQD43L5A49;
				ENABLE_HARDENED_RUNTIME = YES;
				ENABLE_PREVIEWS = YES;
				GENERATE_INFOPLIST_FILE = YES;
				INFOPLIST_KEY_NSHumanReadableCopyright = "";
				LD_RUNPATH_SEARCH_PATHS = (
					"$(inherited)",
					"@executable_path/../Frameworks",
				);
				MACOSX_DEPLOYMENT_TARGET = 11.6;
				MARKETING_VERSION = 1.0;
				PRODUCT_BUNDLE_IDENTIFIER = dreams.com.HomeEnergy;
				PRODUCT_NAME = HomeEnergy;
				SDKROOT = macosx;
				SWIFT_EMIT_LOC_STRINGS = YES;
				SWIFT_VERSION = 5.0;
			};
			name = Debug;
		};
		57A7E929284993710053793D /* Release */ = {
			isa = XCBuildConfiguration;
			buildSettings = {
				ASSETCATALOG_COMPILER_APPICON_NAME = AppIcon;
				ASSETCATALOG_COMPILER_GLOBAL_ACCENT_COLOR_NAME = AccentColor;
				CODE_SIGN_ENTITLEMENTS = macOS/macOS.entitlements;
				CODE_SIGN_IDENTITY = "-";
				CODE_SIGN_STYLE = Automatic;
				COMBINE_HIDPI_IMAGES = YES;
				CURRENT_PROJECT_VERSION = 1;
				DEAD_CODE_STRIPPING = YES;
				DEVELOPMENT_TEAM = BQD43L5A49;
				ENABLE_HARDENED_RUNTIME = YES;
				ENABLE_PREVIEWS = YES;
				GENERATE_INFOPLIST_FILE = YES;
				INFOPLIST_KEY_NSHumanReadableCopyright = "";
				LD_RUNPATH_SEARCH_PATHS = (
					"$(inherited)",
					"@executable_path/../Frameworks",
				);
				MACOSX_DEPLOYMENT_TARGET = 11.6;
				MARKETING_VERSION = 1.0;
				PRODUCT_BUNDLE_IDENTIFIER = dreams.com.HomeEnergy;
				PRODUCT_NAME = HomeEnergy;
				SDKROOT = macosx;
				SWIFT_EMIT_LOC_STRINGS = YES;
				SWIFT_VERSION = 5.0;
			};
			name = Release;
		};
/* End XCBuildConfiguration section */

/* Begin XCConfigurationList section */
		57A7E90A2849936E0053793D /* Build configuration list for PBXProject "HomeEnergy" */ = {
			isa = XCConfigurationList;
			buildConfigurations = (
				57A7E922284993710053793D /* Debug */,
				57A7E923284993710053793D /* Release */,
			);
			defaultConfigurationIsVisible = 0;
			defaultConfigurationName = Release;
		};
		57A7E924284993710053793D /* Build configuration list for PBXNativeTarget "HomeEnergy (iOS)" */ = {
			isa = XCConfigurationList;
			buildConfigurations = (
				57A7E925284993710053793D /* Debug */,
				57A7E926284993710053793D /* Release */,
			);
			defaultConfigurationIsVisible = 0;
			defaultConfigurationName = Release;
		};
		57A7E927284993710053793D /* Build configuration list for PBXNativeTarget "HomeEnergy (macOS)" */ = {
			isa = XCConfigurationList;
			buildConfigurations = (
				57A7E928284993710053793D /* Debug */,
				57A7E929284993710053793D /* Release */,
			);
			defaultConfigurationIsVisible = 0;
			defaultConfigurationName = Release;
		};
/* End XCConfigurationList section */
	};
	rootObject = 57A7E9072849936E0053793D /* Project object */;
}
