// !$*UTF8*$!
{
	archiveVersion = 1;
	classes = {
	};
	objectVersion = 55;
	objects = {

/* Begin PBXBuildFile section */
		57A7E91C284993710053793D /* HomeEnergyApp.swift in Sources */ = {isa = PBXBuildFile; fileRef = 57A7E90C2849936E0053793D /* HomeEnergyApp.swift */; };
		57A7E91D284993710053793D /* HomeEnergyApp.swift in Sources */ = {isa = PBXBuildFile; fileRef = 57A7E90C2849936E0053793D /* HomeEnergyApp.swift */; };
		57A7E91E284993710053793D /* ContentView.swift in Sources */ = {isa = PBXBuildFile; fileRef = 57A7E90D2849936E0053793D /* ContentView.swift */; };
		57A7E91F284993710053793D /* ContentView.swift in Sources */ = {isa = PBXBuildFile; fileRef = 57A7E90D2849936E0053793D /* ContentView.swift */; };
		57A7E920284993710053793D /* Assets.xcassets in Resources */ = {isa = PBXBuildFile; fileRef = 57A7E90E284993710053793D /* Assets.xcassets */; };
		57A7E921284993710053793D /* Assets.xcassets in Resources */ = {isa = PBXBuildFile; fileRef = 57A7E90E284993710053793D /* Assets.xcassets */; };
		57A7E92B28499AE70053793D /* ItemDetailView.swift in Sources */ = {isa = PBXBuildFile; fileRef = 57A7E92A28499AE70053793D /* ItemDetailView.swift */; };
		57A7E92C28499AE70053793D /* ItemDetailView.swift in Sources */ = {isa = PBXBuildFile; fileRef = 57A7E92A28499AE70053793D /* ItemDetailView.swift */; };
		57FE8CFC284A230700DE48A1 /* TesteArea.swift in Sources */ = {isa = PBXBuildFile; fileRef = 57FE8CFB284A230700DE48A1 /* TesteArea.swift */; };
		57FE8CFD284A230700DE48A1 /* TesteArea.swift in Sources */ = {isa = PBXBuildFile; fileRef = 57FE8CFB284A230700DE48A1 /* TesteArea.swift */; };
/* End PBXBuildFile section */

/* Begin PBXFileReference section */
		57A7E90C2849936E0053793D /* HomeEnergyApp.swift */ = {isa = PBXFileReference; lastKnownFileType = sourcecode.swift; path = HomeEnergyApp.swift; sourceTree = "<group>"; };
		57A7E90D2849936E0053793D /* ContentView.swift */ = {isa = PBXFileReference; lastKnownFileType = sourcecode.swift; path = ContentView.swift; sourceTree = "<group>"; };
		57A7E90E284993710053793D /* Assets.xcassets */ = {isa = PBXFileReference; lastKnownFileType = folder.assetcatalog; path = Assets.xcassets; sourceTree = "<group>"; };
		57A7E913284993710053793D /* HomeEnergy.app */ = {isa = PBXFileReference; explicitFileType = wrapper.application; includeInIndex = 0; path = HomeEnergy.app; sourceTree = BUILT_PRODUCTS_DIR; };
		57A7E919284993710053793D /* HomeEnergy.app */ = {isa = PBXFileReference; explicitFileType = wrapper.application; includeInIndex = 0; path = HomeEnergy.app; sourceTree = BUILT_PRODUCTS_DIR; };
		57A7E91B284993710053793D /* macOS.entitlements */ = {isa = PBXFileReference; lastKnownFileType = text.plist.entitlements; path = macOS.entitlements; sourceTree = "<group>"; };
		57A7E92A28499AE70053793D /* ItemDetailView.swift */ = {isa = PBXFileReference; lastKnownFileType = sourcecode.swift; path = ItemDetailView.swift; sourceTree = "<group>"; };
		57FE8CFB284A230700DE48A1 /* TesteArea.swift */ = {isa = PBXFileReference; lastKnownFileType = sourcecode.swift; path = TesteArea.swift; sourceTree = "<group>"; };
/* End PBXFileReference section */

/* Begin PBXFrameworksBuildPhase section */
		57A7E910284993710053793D /* Frameworks */ = {
			isa = PBXFrameworksBuildPhase;
			buildActionMask = 2147483647;
			files = (
			);
			runOnlyForDeploymentPostprocessing = 0;
		};
		57A7E916284993710053793D /* Frameworks */ = {
			isa = PBXFrameworksBuildPhase;
			buildActionMask = 2147483647;
			files = (
			);
			runOnlyForDeploymentPostprocessing = 0;
		};
/* End PBXFrameworksBuildPhase section */

/* Begin PBXGroup section */
		57A7E9062849936E0053793D = {
			isa = PBXGroup;
			children = (
				57A7E90B2849936E0053793D /* Shared */,
				57A7E91A284993710053793D /* macOS */,
				57A7E914284993710053793D /* Products */,
			);
			sourceTree = "<group>";
		};
		57A7E90B2849936E0053793D /* Shared */ = {
			isa = PBXGroup;
			children = (
				57A7E90C2849936E0053793D /* HomeEnergyApp.swift */,
				57A7E90D2849936E0053793D /* ContentView.swift */,
				57A7E92A28499AE70053793D /* ItemDetailView.swift */,
				57FE8CFB284A230700DE48A1 /* TesteArea.swift */,
				57A7E90E284993710053793D /* Assets.xcassets */,
			);
			path = Shared;
			sourceTree = "<group>";
		};
		57A7E914284993710053793D /* Products */ = {
			isa = PBXGroup;
			children = (
				57A7E913284993710053793D /* HomeEnergy.app */,
				57A7E919284993710053793D /* HomeEnergy.app */,
			);
			name = Products;
			sourceTree = "<group>";
		};
		57A7E91A284993710053793D /* macOS */ = {
			isa = PBXGroup;
			children = (
				57A7E91B284993710053793D /* macOS.entitlements */,
			);
			path = macOS;
			sourceTree = "<group>";
		};
/* End PBXGroup section */

/* Begin PBXNativeTarget section */
		57A7E912284993710053793D /* HomeEnergy (iOS) */ = {
			isa = PBXNativeTarget;
			buildConfigurationList = 57A7E924284993710053793D /* Build configuration list for PBXNativeTarget "HomeEnergy (iOS)" */;
			buildPhases = (
				57A7E90F284993710053793D /* Sources */,
				57A7E910284993710053793D /* Frameworks */,
				57A7E911284993710053793D /* Resources */,
			);
			buildRules = (
			);
			dependencies = (
			);
			name = "HomeEnergy (iOS)";
			productName = "HomeEnergy (iOS)";
			productReference = 57A7E913284993710053793D /* HomeEnergy.app */;
			productType = "com.apple.product-type.application";
		};
		57A7E918284993710053793D /* HomeEnergy (macOS) */ = {
			isa = PBXNativeTarget;
			buildConfigurationList = 57A7E927284993710053793D /* Build configuration list for PBXNativeTarget "HomeEnergy (macOS)" */;
			buildPhases = (
				57A7E915284993710053793D /* Sources */,
				57A7E916284993710053793D /* Frameworks */,
				57A7E917284993710053793D /* Resources */,
			);
			buildRules = (
			);
			dependencies = (
			);
			name = "HomeEnergy (macOS)";
			productName = "HomeEnergy (macOS)";
			productReference = 57A7E919284993710053793D /* HomeEnergy.app */;
			productType = "com.apple.product-type.application";
		};
/* End PBXNativeTarget section */

/* Begin PBXProject section */
		57A7E9072849936E0053793D /* Project object */ = {
			isa = PBXProject;
			attributes = {
				BuildIndependentTargetsInParallel = 1;
				LastSwiftUpdateCheck = 1320;
				LastUpgradeCheck = 1320;
				TargetAttributes = {
					57A7E912284993710053793D = {
						CreatedOnToolsVersion = 13.2.1;
					};
					57A7E918284993710053793D = {
						CreatedOnToolsVersion = 13.2.1;
					};
				};
			};
			buildConfigurationList = 57A7E90A2849936E0053793D /* Build configuration list for PBXProject "HomeEnergy" */;
			compatibilityVersion = "Xcode 13.0";
			developmentRegion = en;
			hasScannedForEncodings = 0;
			knownRegions = (
				en,
				Base,
			);
			mainGroup = 57A7E9062849936E0053793D;
			productRefGroup = 57A7E914284993710053793D /* Products */;
			projectDirPath = "";
			projectRoot = "";
			targets = (
				57A7E912284993710053793D /* HomeEnergy (iOS) */,
				57A7E918284993710053793D /* HomeEnergy (macOS) */,
			);
		};
/* End PBXProject section */

/* Begin PBXResourcesBuildPhase section */
		57A7E911284993710053793D /* Resources */ = {
			isa = PBXResourcesBuildPhase;
			buildActionMask = 2147483647;
			files = (
				57A7E920284993710053793D /* Assets.xcassets in Resources */,
			);
			runOnlyForDeploymentPostprocessing = 0;
		};
		57A7E917284993710053793D /* Resources */ = {
			isa = PBXResourcesBuildPhase;
			buildActionMask = 2147483647;
			files = (
				57A7E921284993710053793D /* Assets.xcassets in Resources */,
			);
			runOnlyForDeploymentPostprocessing = 0;
		};
/* End PBXResourcesBuildPhase section */

/* Begin PBXSourcesBuildPhase section */
		57A7E90F284993710053793D /* Sources */ = {
			isa = PBXSourcesBuildPhase;
			buildActionMask = 2147483647;
			files = (
				57FE8CFC284A230700DE48A1 /* TesteArea.swift in Sources */,
				57A7E92B28499AE70053793D /* ItemDetailView.swift in Sources */,
				57A7E91E284993710053793D /* ContentView.swift in Sources */,
				57A7E91C284993710053793D /* HomeEnergyApp.swift in Sources */,
			);
			runOnlyForDeploymentPostprocessing = 0;
		};
		57A7E915284993710053793D /* Sources */ = {
			isa = PBXSourcesBuildPhase;
			buildActionMask = 2147483647;
			files = (
				57FE8CFD284A230700DE48A1 /* TesteArea.swift in Sources */,
				57A7E92C28499AE70053793D /* ItemDetailView.swift in Sources */,
				57A7E91F284993710053793D /* ContentView.swift in Sources */,
				57A7E91D284993710053793D /* HomeEnergyApp.swift in Sources */,
			);
			runOnlyForDeploymentPostprocessing = 0;
		};
/* End PBXSourcesBuildPhase section */

/* Begin XCBuildConfiguration section */
		57A7E922284993710053793D /* Debug */ = {
			isa = XCBuildConfiguration;
			buildSettings = {
				ALWAYS_SEARCH_USER_PATHS = NO;
				CLANG_ANALYZER_NONNULL = YES;
				CLANG_ANALYZER_NUMBER_OBJECT_CONVERSION = YES_AGGRESSIVE;
				CLANG_CXX_LANGUAGE_STANDARD = "gnu++17";
				CLANG_CXX_LIBRARY = "libc++";
				CLANG_ENABLE_MODULES = YES;
				CLANG_ENABLE_OBJC_ARC = YES;
				CLANG_ENABLE_OBJC_WEAK = YES;
				CLANG_WARN_BLOCK_CAPTURE_AUTORELEASING = YES;
				CLANG_WARN_BOOL_CONVERSION = YES;
				CLANG_WARN_COMMA = YES;
				CLANG_WARN_CONSTANT_CONVERSION = YES;
				CLANG_WARN_DEPRECATED_OBJC_IMPLEMENTATIONS = YES;
				CLANG_WARN_DIRECT_OBJC_ISA_USAGE = YES_ERROR;
				CLANG_WARN_DOCUMENTATION_COMMENTS = YES;
				CLANG_WARN_EMPTY_BODY = YES;
				CLANG_WARN_ENUM_CONVERSION = YES;
				CLANG_WARN_INFINITE_RECURSION = YES;
				CLANG_WARN_INT_CONVERSION = YES;
				CLANG_WARN_NON_LITERAL_NULL_CONVERSION = YES;
				CLANG_WARN_OBJC_IMPLICIT_RETAIN_SELF = YES;
				CLANG_WARN_OBJC_LITERAL_CONVERSION = YES;
				CLANG_WARN_OBJC_ROOT_CLASS = YES_ERROR;
				CLANG_WARN_QUOTED_INCLUDE_IN_FRAMEWORK_HEADER = YES;
				CLANG_WARN_RANGE_LOOP_ANALYSIS = YES;
				CLANG_WARN_STRICT_PROTOTYPES = YES;
				CLANG_WARN_SUSPICIOUS_MOVE = YES;
				CLANG_WARN_UNGUARDED_AVAILABILITY = YES_AGGRESSIVE;
				CLANG_WARN_UNREACHABLE_CODE = YES;
				CLANG_WARN__DUPLICATE_METHOD_MATCH = YES;
				COPY_PHASE_STRIP = NO;
				DEBUG_INFORMATION_FORMAT = dwarf;
				ENABLE_STRICT_OBJC_MSGSEND = YES;
				ENABLE_TESTABILITY = YES;
				GCC_C_LANGUAGE_STANDARD = gnu11;
				GCC_DYNAMIC_NO_PIC = NO;
				GCC_NO_COMMON_BLOCKS = YES;
				GCC_OPTIMIZATION_LEVEL = 0;
				GCC_PREPROCESSOR_DEFINITIONS = (
					"DEBUG=1",
					"$(inherited)",
				);
				GCC_WARN_64_TO_32_BIT_CONVERSION = YES;
				GCC_WARN_ABOUT_RETURN_TYPE = YES_ERROR;
				GCC_WARN_UNDECLARED_SELECTOR = YES;
				GCC_WARN_UNINITIALIZED_AUTOS = YES_AGGRESSIVE;
				GCC_WARN_UNUSED_FUNCTION = YES;
				GCC_WARN_UNUSED_VARIABLE = YES;
				MTL_ENABLE_DEBUG_INFO = INCLUDE_SOURCE;
				MTL_FAST_MATH = YES;
				ONLY_ACTIVE_ARCH = YES;
				SWIFT_ACTIVE_COMPILATION_CONDITIONS = DEBUG;
				SWIFT_OPTIMIZATION_LEVEL = "-Onone";
			};
			name = Debug;
		};
		57A7E923284993710053793D /* Release */ = {
			isa = XCBuildConfiguration;
			buildSettings = {
				ALWAYS_SEARCH_USER_PATHS = NO;
				CLANG_ANALYZER_NONNULL = YES;
				CLANG_ANALYZER_NUMBER_OBJECT_CONVERSION = YES_AGGRESSIVE;
				CLANG_CXX_LANGUAGE_STANDARD = "gnu++17";
				CLANG_CXX_LIBRARY = "libc++";
				CLANG_ENABLE_MODULES = YES;
				CLANG_ENABLE_OBJC_ARC = YES;
				CLANG_ENABLE_OBJC_WEAK = YES;
				CLANG_WARN_BLOCK_CAPTURE_AUTORELEASING = YES;
				CLANG_WARN_BOOL_CONVERSION = YES;
				CLANG_WARN_COMMA = YES;
				CLANG_WARN_CONSTANT_CONVERSION = YES;
				CLANG_WARN_DEPRECATED_OBJC_IMPLEMENTATIONS = YES;
				CLANG_WARN_DIRECT_OBJC_ISA_USAGE = YES_ERROR;
				CLANG_WARN_DOCUMENTATION_COMMENTS = YES;
				CLANG_WARN_EMPTY_BODY = YES;
				CLANG_WARN_ENUM_CONVERSION = YES;
				CLANG_WARN_INFINITE_RECURSION = YES;
				CLANG_WARN_INT_CONVERSION = YES;
				CLANG_WARN_NON_LITERAL_NULL_CONVERSION = YES;
				CLANG_WARN_OBJC_IMPLICIT_RETAIN_SELF = YES;
				CLANG_WARN_OBJC_LITERAL_CONVERSION = YES;
				CLANG_WARN_OBJC_ROOT_CLASS = YES_ERROR;
				CLANG_WARN_QUOTED_INCLUDE_IN_FRAMEWORK_HEADER = YES;
				CLANG_WARN_RANGE_LOOP_ANALYSIS = YES;
				CLANG_WARN_STRICT_PROTOTYPES = YES;
				CLANG_WARN_SUSPICIOUS_MOVE = YES;
				CLANG_WARN_UNGUARDED_AVAILABILITY = YES_AGGRESSIVE;
				CLANG_WARN_UNREACHABLE_CODE = YES;
				CLANG_WARN__DUPLICATE_METHOD_MATCH = YES;
				COPY_PHASE_STRIP = NO;
				DEBUG_INFORMATION_FORMAT = "dwarf-with-dsym";
				ENABLE_NS_ASSERTIONS = NO;
				ENABLE_STRICT_OBJC_MSGSEND = YES;
				GCC_C_LANGUAGE_STANDARD = gnu11;
				GCC_NO_COMMON_BLOCKS = YES;
				GCC_WARN_64_TO_32_BIT_CONVERSION = YES;
				GCC_WARN_ABOUT_RETURN_TYPE = YES_ERROR;
				GCC_WARN_UNDECLARED_SELECTOR = YES;
				GCC_WARN_UNINITIALIZED_AUTOS = YES_AGGRESSIVE;
				GCC_WARN_UNUSED_FUNCTION = YES;
				GCC_WARN_UNUSED_VARIABLE = YES;
				MTL_ENABLE_DEBUG_INFO = NO;
				MTL_FAST_MATH = YES;
				SWIFT_COMPILATION_MODE = wholemodule;
				SWIFT_OPTIMIZATION_LEVEL = "-O";
			};
			name = Release;
		};
		57A7E925284993710053793D /* Debug */ = {
			isa = XCBuildConfiguration;
			buildSettings = {
				ASSETCATALOG_COMPILER_APPICON_NAME = AppIcon;
				ASSETCATALOG_COMPILER_GLOBAL_ACCENT_COLOR_NAME = AccentColor;
				CODE_SIGN_STYLE = Automatic;
				CURRENT_PROJECT_VERSION = 1;
				DEVELOPMENT_TEAM = BQD43L5A49;
				ENABLE_PREVIEWS = YES;
				GENERATE_INFOPLIST_FILE = YES;
				INFOPLIST_KEY_UIApplicationSceneManifest_Generation = YES;
				INFOPLIST_KEY_UIApplicationSupportsIndirectInputEvents = YES;
				INFOPLIST_KEY_UILaunchScreen_Generation = YES;
				INFOPLIST_KEY_UISupportedInterfaceOrientations_iPad = "UIInterfaceOrientationPortrait UIInterfaceOrientationPortraitUpsideDown UIInterfaceOrientationLandscapeLeft UIInterfaceOrientationLandscapeRight";
				INFOPLIST_KEY_UISupportedInterfaceOrientations_iPhone = "UIInterfaceOrientationPortrait UIInterfaceOrientationLandscapeLeft UIInterfaceOrientationLandscapeRight";
				IPHONEOS_DEPLOYMENT_TARGET = 15.2;
				LD_RUNPATH_SEARCH_PATHS = (
					"$(inherited)",
					"@executable_path/Frameworks",
				);
				MARKETING_VERSION = 1.0;
				PRODUCT_BUNDLE_IDENTIFIER = dreams.com.HomeEnergy;
				PRODUCT_NAME = HomeEnergy;
				SDKROOT = iphoneos;
				SWIFT_EMIT_LOC_STRINGS = YES;
				SWIFT_VERSION = 5.0;
				TARGETED_DEVICE_FAMILY = "1,2";
			};
			name = Debug;
		};
		57A7E926284993710053793D /* Release */ = {
			isa = XCBuildConfiguration;
			buildSettings = {
				ASSETCATALOG_COMPILER_APPICON_NAME = AppIcon;
				ASSETCATALOG_COMPILER_GLOBAL_ACCENT_COLOR_NAME = AccentColor;
				CODE_SIGN_STYLE = Automatic;
				CURRENT_PROJECT_VERSION = 1;
				DEVELOPMENT_TEAM = BQD43L5A49;
				ENABLE_PREVIEWS = YES;
				GENERATE_INFOPLIST_FILE = YES;
				INFOPLIST_KEY_UIApplicationSceneManifest_Generation = YES;
				INFOPLIST_KEY_UIApplicationSupportsIndirectInputEvents = YES;
				INFOPLIST_KEY_UILaunchScreen_Generation = YES;
				INFOPLIST_KEY_UISupportedInterfaceOrientations_iPad = "UIInterfaceOrientationPortrait UIInterfaceOrientationPortraitUpsideDown UIInterfaceOrientationLandscapeLeft UIInterfaceOrientationLandscapeRight";
				INFOPLIST_KEY_UISupportedInterfaceOrientations_iPhone = "UIInterfaceOrientationPortrait UIInterfaceOrientationLandscapeLeft UIInterfaceOrientationLandscapeRight";
				IPHONEOS_DEPLOYMENT_TARGET = 15.2;
				LD_RUNPATH_SEARCH_PATHS = (
					"$(inherited)",
					"@executable_path/Frameworks",
				);
				MARKETING_VERSION = 1.0;
				PRODUCT_BUNDLE_IDENTIFIER = dreams.com.HomeEnergy;
				PRODUCT_NAME = HomeEnergy;
				SDKROOT = iphoneos;
				SWIFT_EMIT_LOC_STRINGS = YES;
				SWIFT_VERSION = 5.0;
				TARGETED_DEVICE_FAMILY = "1,2";
				VALIDATE_PRODUCT = YES;
			};
			name = Release;
		};
		57A7E928284993710053793D /* Debug */ = {
			isa = XCBuildConfiguration;
			buildSettings = {
				ASSETCATALOG_COMPILER_APPICON_NAME = AppIcon;
				ASSETCATALOG_COMPILER_GLOBAL_ACCENT_COLOR_NAME = AccentColor;
				CODE_SIGN_ENTITLEMENTS = macOS/macOS.entitlements;
				CODE_SIGN_STYLE = Automatic;
				COMBINE_HIDPI_IMAGES = YES;
				CURRENT_PROJECT_VERSION = 1;
				DEVELOPMENT_TEAM = BQD43L5A49;
				ENABLE_HARDENED_RUNTIME = YES;
				ENABLE_PREVIEWS = YES;
				GENERATE_INFOPLIST_FILE = YES;
				INFOPLIST_KEY_NSHumanReadableCopyright = "";
				LD_RUNPATH_SEARCH_PATHS = (
					"$(inherited)",
					"@executable_path/../Frameworks",
				);
				MACOSX_DEPLOYMENT_TARGET = 11.6;
				MARKETING_VERSION = 1.0;
				PRODUCT_BUNDLE_IDENTIFIER = dreams.com.HomeEnergy;
				PRODUCT_NAME = HomeEnergy;
				SDKROOT = macosx;
				SWIFT_EMIT_LOC_STRINGS = YES;
				SWIFT_VERSION = 5.0;
			};
			name = Debug;
		};
		57A7E929284993710053793D /* Release */ = {
			isa = XCBuildConfiguration;
			buildSettings = {
				ASSETCATALOG_COMPILER_APPICON_NAME = AppIcon;
				ASSETCATALOG_COMPILER_GLOBAL_ACCENT_COLOR_NAME = AccentColor;
				CODE_SIGN_ENTITLEMENTS = macOS/macOS.entitlements;
				CODE_SIGN_STYLE = Automatic;
				COMBINE_HIDPI_IMAGES = YES;
				CURRENT_PROJECT_VERSION = 1;
				DEVELOPMENT_TEAM = BQD43L5A49;
				ENABLE_HARDENED_RUNTIME = YES;
				ENABLE_PREVIEWS = YES;
				GENERATE_INFOPLIST_FILE = YES;
				INFOPLIST_KEY_NSHumanReadableCopyright = "";
				LD_RUNPATH_SEARCH_PATHS = (
					"$(inherited)",
					"@executable_path/../Frameworks",
				);
				MACOSX_DEPLOYMENT_TARGET = 11.6;
				MARKETING_VERSION = 1.0;
				PRODUCT_BUNDLE_IDENTIFIER = dreams.com.HomeEnergy;
				PRODUCT_NAME = HomeEnergy;
				SDKROOT = macosx;
				SWIFT_EMIT_LOC_STRINGS = YES;
				SWIFT_VERSION = 5.0;
			};
			name = Release;
		};
/* End XCBuildConfiguration section */

/* Begin XCConfigurationList section */
		57A7E90A2849936E0053793D /* Build configuration list for PBXProject "HomeEnergy" */ = {
			isa = XCConfigurationList;
			buildConfigurations = (
				57A7E922284993710053793D /* Debug */,
				57A7E923284993710053793D /* Release */,
			);
			defaultConfigurationIsVisible = 0;
			defaultConfigurationName = Release;
		};
		57A7E924284993710053793D /* Build configuration list for PBXNativeTarget "HomeEnergy (iOS)" */ = {
			isa = XCConfigurationList;
			buildConfigurations = (
				57A7E925284993710053793D /* Debug */,
				57A7E926284993710053793D /* Release */,
			);
			defaultConfigurationIsVisible = 0;
			defaultConfigurationName = Release;
		};
		57A7E927284993710053793D /* Build configuration list for PBXNativeTarget "HomeEnergy (macOS)" */ = {
			isa = XCConfigurationList;
			buildConfigurations = (
				57A7E928284993710053793D /* Debug */,
				57A7E929284993710053793D /* Release */,
			);
			defaultConfigurationIsVisible = 0;
			defaultConfigurationName = Release;
		};
/* End XCConfigurationList section */
	};
	rootObject = 57A7E9072849936E0053793D /* Project object */;
}
